# generated by rye
# use `rye lock` or `rye sync` to update this lockfile
#
# last locked with the following flags:
#   pre: false
#   features: []
#   all-features: false
#   with-sources: false
#   generate-hashes: false
#   universal: false

-e file:.
attrs==25.3.0
    # via jsonschema
    # via referencing
black==25.1.0
click==8.1.8
    # via black
coverage==7.8.0
    # via pytest-cov
fastjsonschema==2.21.1
    # via nbformat
flake8==7.2.0
iniconfig==2.1.0
    # via pytest
isort==6.0.1
jsonschema==4.23.0
    # via nbformat
jsonschema-specifications==2024.10.1
    # via jsonschema
jupyter-core==5.7.2
    # via nbformat
mccabe==0.7.0
    # via flake8
mypy==1.15.0
mypy-extensions==1.0.0
    # via black
    # via mypy
nbformat==5.10.4
    # via md2ipynb
packaging==24.2
    # via black
    # via pytest
pathspec==0.12.1
    # via black
platformdirs==4.3.7
    # via black
    # via jupyter-core
pluggy==1.5.0
    # via pytest
pycodestyle==2.13.0
    # via flake8
pyflakes==3.3.2
    # via flake8
pypandoc==1.15
    # via md2ipynb
pytest==8.3.5
    # via pytest-cov
pytest-cov==6.1.1
referencing==0.36.2
    # via jsonschema
    # via jsonschema-specifications
rpds-py==0.24.0
    # via jsonschema
    # via referencing
traitlets==5.14.3
    # via jupyter-core
    # via nbformat
typing-extensions==4.13.2
    # via mypy
