# generated by rye
# use `rye lock` or `rye sync` to update this lockfile
#
# last locked with the following flags:
#   pre: false
#   features: []
#   all-features: false
#   with-sources: false
#   generate-hashes: false
#   universal: false

-e file:.
attrs==25.3.0
    # via jsonschema
    # via referencing
fastjsonschema==2.21.1
    # via nbformat
jsonschema==4.23.0
    # via nbformat
jsonschema-specifications==2024.10.1
    # via jsonschema
jupyter-core==5.7.2
    # via nbformat
nbformat==5.10.4
    # via md2ipynb
platformdirs==4.3.7
    # via jupyter-core
pypandoc==1.15
    # via md2ipynb
referencing==0.36.2
    # via jsonschema
    # via jsonschema-specifications
rpds-py==0.24.0
    # via jsonschema
    # via referencing
traitlets==5.14.3
    # via jupyter-core
    # via nbformat
